// !$*UTF8*$!
{
	archiveVersion = 1;
	classes = {
	};
	objectVersion = 56;
	objects = {

/* Begin PBXBuildFile section */
		24118B302AA98F9700FC9E00 /* TopicsViewModel.swift in Sources */ = {isa = PBXBuildFile; fileRef = 24118B2F2AA98F9700FC9E00 /* TopicsViewModel.swift */; };
		242AD2F12AB64B980028DFED /* AugmentIdeasView.swift in Sources */ = {isa = PBXBuildFile; fileRef = 242AD2F02AB64B980028DFED /* AugmentIdeasView.swift */; };
		244EB5AF2B3091F600731A67 /* AugmentIdeasViewModel.swift in Sources */ = {isa = PBXBuildFile; fileRef = 244EB5AE2B3091F600731A67 /* AugmentIdeasViewModel.swift */; };
		244EB5B12B30944300731A67 /* RelatedNotesView.swift in Sources */ = {isa = PBXBuildFile; fileRef = 244EB5B02B30944300731A67 /* RelatedNotesView.swift */; };
		244EB5B52B314B5300731A67 /* RelatedNoteView.swift in Sources */ = {isa = PBXBuildFile; fileRef = 244EB5B42B314B5300731A67 /* RelatedNoteView.swift */; };
		244EB5B72B31800A00731A67 /* User.swift in Sources */ = {isa = PBXBuildFile; fileRef = 244EB5B62B31800A00731A67 /* User.swift */; };
		24B87EB62AA18E9C00D18405 /* IdeasApp.swift in Sources */ = {isa = PBXBuildFile; fileRef = 24B87EB52AA18E9C00D18405 /* IdeasApp.swift */; };
		24B87EB82AA18E9C00D18405 /* NoteView.swift in Sources */ = {isa = PBXBuildFile; fileRef = 24B87EB72AA18E9C00D18405 /* NoteView.swift */; };
		24B87EBA2AA18E9D00D18405 /* Assets.xcassets in Resources */ = {isa = PBXBuildFile; fileRef = 24B87EB92AA18E9D00D18405 /* Assets.xcassets */; };
		24B87EBE2AA18E9D00D18405 /* Preview Assets.xcassets in Resources */ = {isa = PBXBuildFile; fileRef = 24B87EBD2AA18E9D00D18405 /* Preview Assets.xcassets */; };
		24B87EC52AA18EF100D18405 /* TopicsView.swift in Sources */ = {isa = PBXBuildFile; fileRef = 24B87EC42AA18EF100D18405 /* TopicsView.swift */; };
		24B87EC72AA18F1000D18405 /* MyNotesView.swift in Sources */ = {isa = PBXBuildFile; fileRef = 24B87EC62AA18F1000D18405 /* MyNotesView.swift */; };
		24B87ECB2AA18F5E00D18405 /* Service.swift in Sources */ = {isa = PBXBuildFile; fileRef = 24B87ECA2AA18F5E00D18405 /* Service.swift */; };
		24B87ECD2AA18F7400D18405 /* OpenAICompletionModel.swift in Sources */ = {isa = PBXBuildFile; fileRef = 24B87ECC2AA18F7400D18405 /* OpenAICompletionModel.swift */; };
		24B87ECF2AA43C6700D18405 /* MyNotesViewModel.swift in Sources */ = {isa = PBXBuildFile; fileRef = 24B87ECE2AA43C6700D18405 /* MyNotesViewModel.swift */; };
		24DB4C712AAE861B00DE1EE5 /* Topic.swift in Sources */ = {isa = PBXBuildFile; fileRef = 24DB4C702AAE861B00DE1EE5 /* Topic.swift */; };
		24DB4C742AAE865500DE1EE5 /* Extensions.swift in Sources */ = {isa = PBXBuildFile; fileRef = 24DB4C732AAE865500DE1EE5 /* Extensions.swift */; };
		24DB4C782AAE88CF00DE1EE5 /* Note.swift in Sources */ = {isa = PBXBuildFile; fileRef = 24DB4C772AAE88CF00DE1EE5 /* Note.swift */; };
/* End PBXBuildFile section */

/* Begin PBXFileReference section */
		24118B2F2AA98F9700FC9E00 /* TopicsViewModel.swift */ = {isa = PBXFileReference; lastKnownFileType = sourcecode.swift; path = TopicsViewModel.swift; sourceTree = "<group>"; };
		242AD2F02AB64B980028DFED /* AugmentIdeasView.swift */ = {isa = PBXFileReference; lastKnownFileType = sourcecode.swift; path = AugmentIdeasView.swift; sourceTree = "<group>"; };
		244EB5AE2B3091F600731A67 /* AugmentIdeasViewModel.swift */ = {isa = PBXFileReference; lastKnownFileType = sourcecode.swift; path = AugmentIdeasViewModel.swift; sourceTree = "<group>"; };
		244EB5B02B30944300731A67 /* RelatedNotesView.swift */ = {isa = PBXFileReference; lastKnownFileType = sourcecode.swift; path = RelatedNotesView.swift; sourceTree = "<group>"; };
		244EB5B42B314B5300731A67 /* RelatedNoteView.swift */ = {isa = PBXFileReference; lastKnownFileType = sourcecode.swift; path = RelatedNoteView.swift; sourceTree = "<group>"; };
		244EB5B62B31800A00731A67 /* User.swift */ = {isa = PBXFileReference; lastKnownFileType = sourcecode.swift; path = User.swift; sourceTree = "<group>"; };
		24A857952AA6C30D006CFE40 /* Info.plist */ = {isa = PBXFileReference; lastKnownFileType = text.plist.xml; path = Info.plist; sourceTree = "<group>"; };
		24B87EB22AA18E9C00D18405 /* Ideas.app */ = {isa = PBXFileReference; explicitFileType = wrapper.application; includeInIndex = 0; path = Ideas.app; sourceTree = BUILT_PRODUCTS_DIR; };
		24B87EB52AA18E9C00D18405 /* IdeasApp.swift */ = {isa = PBXFileReference; lastKnownFileType = sourcecode.swift; path = IdeasApp.swift; sourceTree = "<group>"; };
		24B87EB72AA18E9C00D18405 /* NoteView.swift */ = {isa = PBXFileReference; lastKnownFileType = sourcecode.swift; path = NoteView.swift; sourceTree = "<group>"; };
		24B87EB92AA18E9D00D18405 /* Assets.xcassets */ = {isa = PBXFileReference; lastKnownFileType = folder.assetcatalog; path = Assets.xcassets; sourceTree = "<group>"; };
		24B87EBB2AA18E9D00D18405 /* Ideas.entitlements */ = {isa = PBXFileReference; lastKnownFileType = text.plist.entitlements; path = Ideas.entitlements; sourceTree = "<group>"; };
		24B87EBD2AA18E9D00D18405 /* Preview Assets.xcassets */ = {isa = PBXFileReference; lastKnownFileType = folder.assetcatalog; path = "Preview Assets.xcassets"; sourceTree = "<group>"; };
		24B87EC42AA18EF100D18405 /* TopicsView.swift */ = {isa = PBXFileReference; lastKnownFileType = sourcecode.swift; path = TopicsView.swift; sourceTree = "<group>"; };
		24B87EC62AA18F1000D18405 /* MyNotesView.swift */ = {isa = PBXFileReference; lastKnownFileType = sourcecode.swift; path = MyNotesView.swift; sourceTree = "<group>"; };
		24B87ECA2AA18F5E00D18405 /* Service.swift */ = {isa = PBXFileReference; lastKnownFileType = sourcecode.swift; path = Service.swift; sourceTree = "<group>"; };
		24B87ECC2AA18F7400D18405 /* OpenAICompletionModel.swift */ = {isa = PBXFileReference; lastKnownFileType = sourcecode.swift; path = OpenAICompletionModel.swift; sourceTree = "<group>"; };
		24B87ECE2AA43C6700D18405 /* MyNotesViewModel.swift */ = {isa = PBXFileReference; lastKnownFileType = sourcecode.swift; path = MyNotesViewModel.swift; sourceTree = "<group>"; };
		24DB4C702AAE861B00DE1EE5 /* Topic.swift */ = {isa = PBXFileReference; lastKnownFileType = sourcecode.swift; path = Topic.swift; sourceTree = "<group>"; };
		24DB4C732AAE865500DE1EE5 /* Extensions.swift */ = {isa = PBXFileReference; lastKnownFileType = sourcecode.swift; path = Extensions.swift; sourceTree = "<group>"; };
		24DB4C772AAE88CF00DE1EE5 /* Note.swift */ = {isa = PBXFileReference; lastKnownFileType = sourcecode.swift; path = Note.swift; sourceTree = "<group>"; };
/* End PBXFileReference section */

/* Begin PBXFrameworksBuildPhase section */
		24B87EAF2AA18E9C00D18405 /* Frameworks */ = {
			isa = PBXFrameworksBuildPhase;
			buildActionMask = 2147483647;
			files = (
			);
			runOnlyForDeploymentPostprocessing = 0;
		};
/* End PBXFrameworksBuildPhase section */

/* Begin PBXGroup section */
		24118B2E2AA98F8600FC9E00 /* Topics */ = {
			isa = PBXGroup;
			children = (
				24B87EC42AA18EF100D18405 /* TopicsView.swift */,
				24118B2F2AA98F9700FC9E00 /* TopicsViewModel.swift */,
			);
			path = Topics;
			sourceTree = "<group>";
		};
		242AD2F22AB64B9C0028DFED /* Augment */ = {
			isa = PBXGroup;
			children = (
				242AD2F02AB64B980028DFED /* AugmentIdeasView.swift */,
				244EB5AE2B3091F600731A67 /* AugmentIdeasViewModel.swift */,
			);
			path = Augment;
			sourceTree = "<group>";
		};
		24B87EA92AA18E9C00D18405 = {
			isa = PBXGroup;
			children = (
				24B87EB42AA18E9C00D18405 /* Ideas */,
				24B87EB32AA18E9C00D18405 /* Products */,
			);
			sourceTree = "<group>";
		};
		24B87EB32AA18E9C00D18405 /* Products */ = {
			isa = PBXGroup;
			children = (
				24B87EB22AA18E9C00D18405 /* Ideas.app */,
			);
			name = Products;
			sourceTree = "<group>";
		};
		24B87EB42AA18E9C00D18405 /* Ideas */ = {
			isa = PBXGroup;
			children = (
				24B87EB52AA18E9C00D18405 /* IdeasApp.swift */,
				24DB4C752AAE885600DE1EE5 /* MyNotes */,
				24DB4C6C2AAAA87500DE1EE5 /* Note */,
				24118B2E2AA98F8600FC9E00 /* Topics */,
				242AD2F22AB64B9C0028DFED /* Augment */,
				24DB4C6F2AAE860700DE1EE5 /* Models */,
				24DB4C762AAE888A00DE1EE5 /* APIClient */,
				24DB4C722AAE864700DE1EE5 /* Utils */,
				24A857952AA6C30D006CFE40 /* Info.plist */,
				24B87EB92AA18E9D00D18405 /* Assets.xcassets */,
				24B87EBB2AA18E9D00D18405 /* Ideas.entitlements */,
				24B87EBC2AA18E9D00D18405 /* Preview Content */,
				244EB5B02B30944300731A67 /* RelatedNotesView.swift */,
				244EB5B42B314B5300731A67 /* RelatedNoteView.swift */,
			);
			path = Ideas;
			sourceTree = "<group>";
		};
		24B87EBC2AA18E9D00D18405 /* Preview Content */ = {
			isa = PBXGroup;
			children = (
				24B87EBD2AA18E9D00D18405 /* Preview Assets.xcassets */,
			);
			path = "Preview Content";
			sourceTree = "<group>";
		};
		24DB4C6C2AAAA87500DE1EE5 /* Note */ = {
			isa = PBXGroup;
			children = (
				24B87EB72AA18E9C00D18405 /* NoteView.swift */,
			);
			path = Note;
			sourceTree = "<group>";
		};
		24DB4C6F2AAE860700DE1EE5 /* Models */ = {
			isa = PBXGroup;
			children = (
				24DB4C702AAE861B00DE1EE5 /* Topic.swift */,
				24B87ECC2AA18F7400D18405 /* OpenAICompletionModel.swift */,
				24DB4C772AAE88CF00DE1EE5 /* Note.swift */,
				244EB5B62B31800A00731A67 /* User.swift */,
			);
			path = Models;
			sourceTree = "<group>";
		};
		24DB4C722AAE864700DE1EE5 /* Utils */ = {
			isa = PBXGroup;
			children = (
				24DB4C732AAE865500DE1EE5 /* Extensions.swift */,
			);
			path = Utils;
			sourceTree = "<group>";
		};
		24DB4C752AAE885600DE1EE5 /* MyNotes */ = {
			isa = PBXGroup;
			children = (
				24B87EC62AA18F1000D18405 /* MyNotesView.swift */,
				24B87ECE2AA43C6700D18405 /* MyNotesViewModel.swift */,
			);
			path = MyNotes;
			sourceTree = "<group>";
		};
		24DB4C762AAE888A00DE1EE5 /* APIClient */ = {
			isa = PBXGroup;
			children = (
				24B87ECA2AA18F5E00D18405 /* Service.swift */,
			);
			path = APIClient;
			sourceTree = "<group>";
		};
/* End PBXGroup section */

/* Begin PBXNativeTarget section */
		24B87EB12AA18E9C00D18405 /* Ideas */ = {
			isa = PBXNativeTarget;
			buildConfigurationList = 24B87EC12AA18E9D00D18405 /* Build configuration list for PBXNativeTarget "Ideas" */;
			buildPhases = (
				24B87EAE2AA18E9C00D18405 /* Sources */,
				24B87EAF2AA18E9C00D18405 /* Frameworks */,
				24B87EB02AA18E9C00D18405 /* Resources */,
			);
			buildRules = (
			);
			dependencies = (
			);
			name = Ideas;
			productName = Ideas;
			productReference = 24B87EB22AA18E9C00D18405 /* Ideas.app */;
			productType = "com.apple.product-type.application";
		};
/* End PBXNativeTarget section */

/* Begin PBXProject section */
		24B87EAA2AA18E9C00D18405 /* Project object */ = {
			isa = PBXProject;
			attributes = {
				BuildIndependentTargetsInParallel = 1;
				LastSwiftUpdateCheck = 1430;
				LastUpgradeCheck = 1430;
				TargetAttributes = {
					24B87EB12AA18E9C00D18405 = {
						CreatedOnToolsVersion = 14.3.1;
					};
				};
			};
			buildConfigurationList = 24B87EAD2AA18E9C00D18405 /* Build configuration list for PBXProject "Ideas" */;
			compatibilityVersion = "Xcode 14.0";
			developmentRegion = en;
			hasScannedForEncodings = 0;
			knownRegions = (
				en,
				Base,
			);
			mainGroup = 24B87EA92AA18E9C00D18405;
			productRefGroup = 24B87EB32AA18E9C00D18405 /* Products */;
			projectDirPath = "";
			projectRoot = "";
			targets = (
				24B87EB12AA18E9C00D18405 /* Ideas */,
			);
		};
/* End PBXProject section */

/* Begin PBXResourcesBuildPhase section */
		24B87EB02AA18E9C00D18405 /* Resources */ = {
			isa = PBXResourcesBuildPhase;
			buildActionMask = 2147483647;
			files = (
				24B87EBE2AA18E9D00D18405 /* Preview Assets.xcassets in Resources */,
				24B87EBA2AA18E9D00D18405 /* Assets.xcassets in Resources */,
			);
			runOnlyForDeploymentPostprocessing = 0;
		};
/* End PBXResourcesBuildPhase section */

/* Begin PBXSourcesBuildPhase section */
		24B87EAE2AA18E9C00D18405 /* Sources */ = {
			isa = PBXSourcesBuildPhase;
			buildActionMask = 2147483647;
			files = (
				24B87ECD2AA18F7400D18405 /* OpenAICompletionModel.swift in Sources */,
				24B87EB82AA18E9C00D18405 /* NoteView.swift in Sources */,
				244EB5B12B30944300731A67 /* RelatedNotesView.swift in Sources */,
				24B87EC52AA18EF100D18405 /* TopicsView.swift in Sources */,
				244EB5B72B31800A00731A67 /* User.swift in Sources */,
				24B87EB62AA18E9C00D18405 /* IdeasApp.swift in Sources */,
				24B87ECF2AA43C6700D18405 /* MyNotesViewModel.swift in Sources */,
				24DB4C742AAE865500DE1EE5 /* Extensions.swift in Sources */,
				244EB5AF2B3091F600731A67 /* AugmentIdeasViewModel.swift in Sources */,
				24B87EC72AA18F1000D18405 /* MyNotesView.swift in Sources */,
				24DB4C782AAE88CF00DE1EE5 /* Note.swift in Sources */,
				24DB4C712AAE861B00DE1EE5 /* Topic.swift in Sources */,
				24118B302AA98F9700FC9E00 /* TopicsViewModel.swift in Sources */,
				24B87ECB2AA18F5E00D18405 /* Service.swift in Sources */,
				242AD2F12AB64B980028DFED /* AugmentIdeasView.swift in Sources */,
				244EB5B52B314B5300731A67 /* RelatedNoteView.swift in Sources */,
			);
			runOnlyForDeploymentPostprocessing = 0;
		};
/* End PBXSourcesBuildPhase section */

/* Begin XCBuildConfiguration section */
		24B87EBF2AA18E9D00D18405 /* Debug */ = {
			isa = XCBuildConfiguration;
			buildSettings = {
				ALWAYS_SEARCH_USER_PATHS = NO;
				CLANG_ANALYZER_NONNULL = YES;
				CLANG_ANALYZER_NUMBER_OBJECT_CONVERSION = YES_AGGRESSIVE;
				CLANG_CXX_LANGUAGE_STANDARD = "gnu++20";
				CLANG_ENABLE_MODULES = YES;
				CLANG_ENABLE_OBJC_ARC = YES;
				CLANG_ENABLE_OBJC_WEAK = YES;
				CLANG_WARN_BLOCK_CAPTURE_AUTORELEASING = YES;
				CLANG_WARN_BOOL_CONVERSION = YES;
				CLANG_WARN_COMMA = YES;
				CLANG_WARN_CONSTANT_CONVERSION = YES;
				CLANG_WARN_DEPRECATED_OBJC_IMPLEMENTATIONS = YES;
				CLANG_WARN_DIRECT_OBJC_ISA_USAGE = YES_ERROR;
				CLANG_WARN_DOCUMENTATION_COMMENTS = YES;
				CLANG_WARN_EMPTY_BODY = YES;
				CLANG_WARN_ENUM_CONVERSION = YES;
				CLANG_WARN_INFINITE_RECURSION = YES;
				CLANG_WARN_INT_CONVERSION = YES;
				CLANG_WARN_NON_LITERAL_NULL_CONVERSION = YES;
				CLANG_WARN_OBJC_IMPLICIT_RETAIN_SELF = YES;
				CLANG_WARN_OBJC_LITERAL_CONVERSION = YES;
				CLANG_WARN_OBJC_ROOT_CLASS = YES_ERROR;
				CLANG_WARN_QUOTED_INCLUDE_IN_FRAMEWORK_HEADER = YES;
				CLANG_WARN_RANGE_LOOP_ANALYSIS = YES;
				CLANG_WARN_STRICT_PROTOTYPES = YES;
				CLANG_WARN_SUSPICIOUS_MOVE = YES;
				CLANG_WARN_UNGUARDED_AVAILABILITY = YES_AGGRESSIVE;
				CLANG_WARN_UNREACHABLE_CODE = YES;
				CLANG_WARN__DUPLICATE_METHOD_MATCH = YES;
				COPY_PHASE_STRIP = NO;
				DEBUG_INFORMATION_FORMAT = dwarf;
				ENABLE_STRICT_OBJC_MSGSEND = YES;
				ENABLE_TESTABILITY = YES;
				GCC_C_LANGUAGE_STANDARD = gnu11;
				GCC_DYNAMIC_NO_PIC = NO;
				GCC_NO_COMMON_BLOCKS = YES;
				GCC_OPTIMIZATION_LEVEL = 0;
				GCC_PREPROCESSOR_DEFINITIONS = (
					"DEBUG=1",
					"$(inherited)",
				);
				GCC_WARN_64_TO_32_BIT_CONVERSION = YES;
				GCC_WARN_ABOUT_RETURN_TYPE = YES_ERROR;
				GCC_WARN_UNDECLARED_SELECTOR = YES;
				GCC_WARN_UNINITIALIZED_AUTOS = YES_AGGRESSIVE;
				GCC_WARN_UNUSED_FUNCTION = YES;
				GCC_WARN_UNUSED_VARIABLE = YES;
				MTL_ENABLE_DEBUG_INFO = INCLUDE_SOURCE;
				MTL_FAST_MATH = YES;
				ONLY_ACTIVE_ARCH = YES;
				SWIFT_ACTIVE_COMPILATION_CONDITIONS = DEBUG;
				SWIFT_OPTIMIZATION_LEVEL = "-Onone";
			};
			name = Debug;
		};
		24B87EC02AA18E9D00D18405 /* Release */ = {
			isa = XCBuildConfiguration;
			buildSettings = {
				ALWAYS_SEARCH_USER_PATHS = NO;
				CLANG_ANALYZER_NONNULL = YES;
				CLANG_ANALYZER_NUMBER_OBJECT_CONVERSION = YES_AGGRESSIVE;
				CLANG_CXX_LANGUAGE_STANDARD = "gnu++20";
				CLANG_ENABLE_MODULES = YES;
				CLANG_ENABLE_OBJC_ARC = YES;
				CLANG_ENABLE_OBJC_WEAK = YES;
				CLANG_WARN_BLOCK_CAPTURE_AUTORELEASING = YES;
				CLANG_WARN_BOOL_CONVERSION = YES;
				CLANG_WARN_COMMA = YES;
				CLANG_WARN_CONSTANT_CONVERSION = YES;
				CLANG_WARN_DEPRECATED_OBJC_IMPLEMENTATIONS = YES;
				CLANG_WARN_DIRECT_OBJC_ISA_USAGE = YES_ERROR;
				CLANG_WARN_DOCUMENTATION_COMMENTS = YES;
				CLANG_WARN_EMPTY_BODY = YES;
				CLANG_WARN_ENUM_CONVERSION = YES;
				CLANG_WARN_INFINITE_RECURSION = YES;
				CLANG_WARN_INT_CONVERSION = YES;
				CLANG_WARN_NON_LITERAL_NULL_CONVERSION = YES;
				CLANG_WARN_OBJC_IMPLICIT_RETAIN_SELF = YES;
				CLANG_WARN_OBJC_LITERAL_CONVERSION = YES;
				CLANG_WARN_OBJC_ROOT_CLASS = YES_ERROR;
				CLANG_WARN_QUOTED_INCLUDE_IN_FRAMEWORK_HEADER = YES;
				CLANG_WARN_RANGE_LOOP_ANALYSIS = YES;
				CLANG_WARN_STRICT_PROTOTYPES = YES;
				CLANG_WARN_SUSPICIOUS_MOVE = YES;
				CLANG_WARN_UNGUARDED_AVAILABILITY = YES_AGGRESSIVE;
				CLANG_WARN_UNREACHABLE_CODE = YES;
				CLANG_WARN__DUPLICATE_METHOD_MATCH = YES;
				COPY_PHASE_STRIP = NO;
				DEBUG_INFORMATION_FORMAT = "dwarf-with-dsym";
				ENABLE_NS_ASSERTIONS = NO;
				ENABLE_STRICT_OBJC_MSGSEND = YES;
				GCC_C_LANGUAGE_STANDARD = gnu11;
				GCC_NO_COMMON_BLOCKS = YES;
				GCC_WARN_64_TO_32_BIT_CONVERSION = YES;
				GCC_WARN_ABOUT_RETURN_TYPE = YES_ERROR;
				GCC_WARN_UNDECLARED_SELECTOR = YES;
				GCC_WARN_UNINITIALIZED_AUTOS = YES_AGGRESSIVE;
				GCC_WARN_UNUSED_FUNCTION = YES;
				GCC_WARN_UNUSED_VARIABLE = YES;
				MTL_ENABLE_DEBUG_INFO = NO;
				MTL_FAST_MATH = YES;
				SWIFT_COMPILATION_MODE = wholemodule;
				SWIFT_OPTIMIZATION_LEVEL = "-O";
			};
			name = Release;
		};
		24B87EC22AA18E9D00D18405 /* Debug */ = {
			isa = XCBuildConfiguration;
			buildSettings = {
				ASSETCATALOG_COMPILER_APPICON_NAME = AppIcon;
				ASSETCATALOG_COMPILER_GLOBAL_ACCENT_COLOR_NAME = AccentColor;
				CODE_SIGN_ENTITLEMENTS = Ideas/Ideas.entitlements;
				CODE_SIGN_STYLE = Automatic;
				CURRENT_PROJECT_VERSION = 1;
				DEVELOPMENT_ASSET_PATHS = "\"Ideas/Preview Content\"";
				DEVELOPMENT_TEAM = W7KDN9ZT24;
				ENABLE_HARDENED_RUNTIME = YES;
				ENABLE_PREVIEWS = YES;
				GENERATE_INFOPLIST_FILE = YES;
				INFOPLIST_FILE = Ideas/Info.plist;
				"INFOPLIST_KEY_UIApplicationSceneManifest_Generation[sdk=iphoneos*]" = YES;
				"INFOPLIST_KEY_UIApplicationSceneManifest_Generation[sdk=iphonesimulator*]" = YES;
				"INFOPLIST_KEY_UIApplicationSupportsIndirectInputEvents[sdk=iphoneos*]" = YES;
				"INFOPLIST_KEY_UIApplicationSupportsIndirectInputEvents[sdk=iphonesimulator*]" = YES;
				"INFOPLIST_KEY_UILaunchScreen_Generation[sdk=iphoneos*]" = YES;
				"INFOPLIST_KEY_UILaunchScreen_Generation[sdk=iphonesimulator*]" = YES;
				"INFOPLIST_KEY_UIStatusBarStyle[sdk=iphoneos*]" = UIStatusBarStyleDefault;
				"INFOPLIST_KEY_UIStatusBarStyle[sdk=iphonesimulator*]" = UIStatusBarStyleDefault;
				INFOPLIST_KEY_UISupportedInterfaceOrientations = UIInterfaceOrientationPortrait;
				INFOPLIST_KEY_UISupportedInterfaceOrientations_iPad = "UIInterfaceOrientationLandscapeLeft UIInterfaceOrientationLandscapeRight UIInterfaceOrientationPortrait UIInterfaceOrientationPortraitUpsideDown";
				IPHONEOS_DEPLOYMENT_TARGET = 16.4;
				LD_RUNPATH_SEARCH_PATHS = "@executable_path/Frameworks";
				"LD_RUNPATH_SEARCH_PATHS[sdk=macosx*]" = "@executable_path/../Frameworks";
				MACOSX_DEPLOYMENT_TARGET = 13.3;
				MARKETING_VERSION = 1.0;
				PRODUCT_BUNDLE_IDENTIFIER = com.OmarTorres.Ideas;
				PRODUCT_NAME = "$(TARGET_NAME)";
				SDKROOT = auto;
				SUPPORTED_PLATFORMS = "iphoneos iphonesimulator";
				SUPPORTS_MACCATALYST = NO;
				SUPPORTS_MAC_DESIGNED_FOR_IPHONE_IPAD = NO;
				SWIFT_EMIT_LOC_STRINGS = YES;
				SWIFT_VERSION = 5.0;
				TARGETED_DEVICE_FAMILY = 1;
			};
			name = Debug;
		};
		24B87EC32AA18E9D00D18405 /* Release */ = {
			isa = XCBuildConfiguration;
			buildSettings = {
				ASSETCATALOG_COMPILER_APPICON_NAME = AppIcon;
				ASSETCATALOG_COMPILER_GLOBAL_ACCENT_COLOR_NAME = AccentColor;
				CODE_SIGN_ENTITLEMENTS = Ideas/Ideas.entitlements;
				CODE_SIGN_STYLE = Automatic;
				CURRENT_PROJECT_VERSION = 1;
				DEVELOPMENT_ASSET_PATHS = "\"Ideas/Preview Content\"";
				DEVELOPMENT_TEAM = W7KDN9ZT24;
				ENABLE_HARDENED_RUNTIME = YES;
				ENABLE_PREVIEWS = YES;
				GENERATE_INFOPLIST_FILE = YES;
				INFOPLIST_FILE = Ideas/Info.plist;
				"INFOPLIST_KEY_UIApplicationSceneManifest_Generation[sdk=iphoneos*]" = YES;
				"INFOPLIST_KEY_UIApplicationSceneManifest_Generation[sdk=iphonesimulator*]" = YES;
				"INFOPLIST_KEY_UIApplicationSupportsIndirectInputEvents[sdk=iphoneos*]" = YES;
				"INFOPLIST_KEY_UIApplicationSupportsIndirectInputEvents[sdk=iphonesimulator*]" = YES;
				"INFOPLIST_KEY_UILaunchScreen_Generation[sdk=iphoneos*]" = YES;
				"INFOPLIST_KEY_UILaunchScreen_Generation[sdk=iphonesimulator*]" = YES;
				"INFOPLIST_KEY_UIStatusBarStyle[sdk=iphoneos*]" = UIStatusBarStyleDefault;
				"INFOPLIST_KEY_UIStatusBarStyle[sdk=iphonesimulator*]" = UIStatusBarStyleDefault;
				INFOPLIST_KEY_UISupportedInterfaceOrientations = UIInterfaceOrientationPortrait;
				INFOPLIST_KEY_UISupportedInterfaceOrientations_iPad = "UIInterfaceOrientationLandscapeLeft UIInterfaceOrientationLandscapeRight UIInterfaceOrientationPortrait UIInterfaceOrientationPortraitUpsideDown";
				IPHONEOS_DEPLOYMENT_TARGET = 16.4;
				LD_RUNPATH_SEARCH_PATHS = "@executable_path/Frameworks";
				"LD_RUNPATH_SEARCH_PATHS[sdk=macosx*]" = "@executable_path/../Frameworks";
				MACOSX_DEPLOYMENT_TARGET = 13.3;
				MARKETING_VERSION = 1.0;
				PRODUCT_BUNDLE_IDENTIFIER = com.OmarTorres.Ideas;
				PRODUCT_NAME = "$(TARGET_NAME)";
				SDKROOT = auto;
				SUPPORTED_PLATFORMS = "iphoneos iphonesimulator";
				SUPPORTS_MACCATALYST = NO;
				SUPPORTS_MAC_DESIGNED_FOR_IPHONE_IPAD = NO;
				SWIFT_EMIT_LOC_STRINGS = YES;
				SWIFT_VERSION = 5.0;
				TARGETED_DEVICE_FAMILY = 1;
			};
			name = Release;
		};
/* End XCBuildConfiguration section */

/* Begin XCConfigurationList section */
		24B87EAD2AA18E9C00D18405 /* Build configuration list for PBXProject "Ideas" */ = {
			isa = XCConfigurationList;
			buildConfigurations = (
				24B87EBF2AA18E9D00D18405 /* Debug */,
				24B87EC02AA18E9D00D18405 /* Release */,
			);
			defaultConfigurationIsVisible = 0;
			defaultConfigurationName = Release;
		};
		24B87EC12AA18E9D00D18405 /* Build configuration list for PBXNativeTarget "Ideas" */ = {
			isa = XCConfigurationList;
			buildConfigurations = (
				24B87EC22AA18E9D00D18405 /* Debug */,
				24B87EC32AA18E9D00D18405 /* Release */,
			);
			defaultConfigurationIsVisible = 0;
			defaultConfigurationName = Release;
		};
/* End XCConfigurationList section */
	};
	rootObject = 24B87EAA2AA18E9C00D18405 /* Project object */;
}
